Microsoft Visual Studio Solution File, Format Version 12.00
# Visual Studio Version 17
VisualStudioVersion = 17.5.2.0
MinimumVisualStudioVersion = 10.0.40219.1
Project("{FAE04EC0-301F-11D3-BF4B-00C04F79EFBC}") = "MiAplicacion", "MiAplicacion\MiAplicacion.csproj", "{235E4A14-2F05-D6EB-75BF-07DBC6383DAF}"
EndProject
Project("{FAE04EC0-301F-11D3-BF4B-00C04F79EFBC}") = "Semana-13", "Semana-13\Semana-13.csproj", "{27264FC4-2904-45FE-3A27-52DAB5D1B0F2}"
EndProject
Global
	GlobalSection(SolutionConfigurationPlatforms) = preSolution
		Debug|Any CPU = Debug|Any CPU
		Release|Any CPU = Release|Any CPU
	EndGlobalSection
	GlobalSection(ProjectConfigurationPlatforms) = postSolution
		{235E4A14-2F05-D6EB-75BF-07DBC6383DAF}.Debug|Any CPU.ActiveCfg = Debug|Any CPU
		{235E4A14-2F05-D6EB-75BF-07DBC6383DAF}.Debug|Any CPU.Build.0 = Debug|Any CPU
		{235E4A14-2F05-D6EB-75BF-07DBC6383DAF}.Release|Any CPU.ActiveCfg = Release|Any CPU
		{235E4A14-2F05-D6EB-75BF-07DBC6383DAF}.Release|Any CPU.Build.0 = Release|Any CPU
		{27264FC4-2904-45FE-3A27-52DAB5D1B0F2}.Debug|Any CPU.ActiveCfg = Debug|Any CPU
		{27264FC4-2904-45FE-3A27-52DAB5D1B0F2}.Debug|Any CPU.Build.0 = Debug|Any CPU
		{27264FC4-2904-45FE-3A27-52DAB5D1B0F2}.Release|Any CPU.ActiveCfg = Release|Any CPU
		{27264FC4-2904-45FE-3A27-52DAB5D1B0F2}.Release|Any CPU.Build.0 = Release|Any CPU
	EndGlobalSection
	GlobalSection(SolutionProperties) = preSolution
		HideSolutionNode = FALSE
	EndGlobalSection
	GlobalSection(ExtensibilityGlobals) = postSolution
		SolutionGuid = {4A5B2417-9255-4FEA-BB08-9B363109C4AF}
	EndGlobalSection
EndGlobal
